
Microsoft Visual Studio Solution File, Format Version 12.00
# Visual Studio Version 17
VisualStudioVersion = 17.1.32319.34
MinimumVisualStudioVersion = 10.0.40219.1
Project("{9A19103F-16F7-4668-BE54-9A1E7A4F7556}") = "MVCNorthwindClient", "MVCNorthwindClient\MVCNorthwindClient.csproj", "{EE62CDFE-A656-4AC1-8D1A-11AF094C8354}"
EndProject
Project("{FAE04EC0-301F-11D3-BF4B-00C04F79EFBC}") = "ReactClient", "ReactClient\ReactClient.csproj", "{4C40AA04-1C8E-490F-A89D-2441F4D035B9}"
EndProject
Global
	GlobalSection(SolutionConfigurationPlatforms) = preSolution
		Debug|Any CPU = Debug|Any CPU
		Release|Any CPU = Release|Any CPU
	EndGlobalSection
	GlobalSection(ProjectConfigurationPlatforms) = postSolution
		{EE62CDFE-A656-4AC1-8D1A-11AF094C8354}.Debug|Any CPU.ActiveCfg = Debug|Any CPU
		{EE62CDFE-A656-4AC1-8D1A-11AF094C8354}.Debug|Any CPU.Build.0 = Debug|Any CPU
		{EE62CDFE-A656-4AC1-8D1A-11AF094C8354}.Release|Any CPU.ActiveCfg = Release|Any CPU
		{EE62CDFE-A656-4AC1-8D1A-11AF094C8354}.Release|Any CPU.Build.0 = Release|Any CPU
		{4C40AA04-1C8E-490F-A89D-2441F4D035B9}.Debug|Any CPU.ActiveCfg = Debug|Any CPU
		{4C40AA04-1C8E-490F-A89D-2441F4D035B9}.Debug|Any CPU.Build.0 = Debug|Any CPU
		{4C40AA04-1C8E-490F-A89D-2441F4D035B9}.Release|Any CPU.ActiveCfg = Release|Any CPU
		{4C40AA04-1C8E-490F-A89D-2441F4D035B9}.Release|Any CPU.Build.0 = Release|Any CPU
	EndGlobalSection
	GlobalSection(SolutionProperties) = preSolution
		HideSolutionNode = FALSE
	EndGlobalSection
	GlobalSection(ExtensibilityGlobals) = postSolution
		SolutionGuid = {EFFC4EBD-7988-43BA-9856-1CD52D65F769}
	EndGlobalSection
EndGlobal
